
Microsoft Visual Studio Solution File, Format Version 12.00
# Visual Studio Version 17
VisualStudioVersion = 17.14.36804.6
MinimumVisualStudioVersion = 10.0.40219.1
Project("{FAE04EC0-301F-11D3-BF4B-00C04F79EFBC}") = "AdvancedArrays", "AdvancedArrays\AdvancedArrays.csproj", "{A85C849D-3842-4CCE-BADA-F81F4FE78ECF}"
EndProject
Project("{FAE04EC0-301F-11D3-BF4B-00C04F79EFBC}") = "RefReturnRefLocal", "RefReturnRefLocal\RefReturnRefLocal.csproj", "{F3FC2ADF-3DD3-4C6F-B69B-A2927B99B55E}"
EndProject
Project("{FAE04EC0-301F-11D3-BF4B-00C04F79EFBC}") = "OperatorOverloading", "OperatorOverloading\OperatorOverloading.csproj", "{5FAC6AA6-23D8-43E1-B00F-6394E022DF65}"
EndProject
Project("{FAE04EC0-301F-11D3-BF4B-00C04F79EFBC}") = "Implicit&ExplicitOperatorsOverloading", "Implicit&ExplicitOperatorsOverloading\Implicit&ExplicitOperatorsOverloading.csproj", "{9C06D21A-FD9C-415E-8678-064AE718A2C7}"
EndProject
Project("{FAE04EC0-301F-11D3-BF4B-00C04F79EFBC}") = "ExceptionHandling", "ExceptionHandling\ExceptionHandling.csproj", "{1F306F26-2B11-4E93-BEAD-A29563D912E7}"
EndProject
Project("{FAE04EC0-301F-11D3-BF4B-00C04F79EFBC}") = "DynamicObjectProduction", "DynamicObjectProduction\DynamicObjectProduction.csproj", "{7F54B931-F69B-4DF7-9B2E-5BA41E2D67DF}"
EndProject
Project("{FAE04EC0-301F-11D3-BF4B-00C04F79EFBC}") = "AdvancedGenerics", "AdvancedGenerics\AdvancedGenerics.csproj", "{CE99706A-D5BC-4C83-BC6F-6220B0AC4394}"
EndProject
Project("{FAE04EC0-301F-11D3-BF4B-00C04F79EFBC}") = "Covariance & Contravariance", "Covariance & Contravariance\Covariance & Contravariance.csproj", "{2A9D313D-5B75-40EF-8B13-4DC775394785}"
EndProject
Project("{FAE04EC0-301F-11D3-BF4B-00C04F79EFBC}") = "Delegates", "Delegates\Delegates.csproj", "{FF1557AB-0FB4-4964-9B68-BB4B12110C65}"
EndProject
Project("{FAE04EC0-301F-11D3-BF4B-00C04F79EFBC}") = "AdvancedAccessModifiers", "AdvancedAccessModifiers\AdvancedAccessModifiers.csproj", "{5DC44446-6568-45E3-B21C-D1ACE5F1EDCD}"
EndProject
Project("{FAE04EC0-301F-11D3-BF4B-00C04F79EFBC}") = "Events", "Events\Events.csproj", "{11A66960-51EA-4A23-B1F5-D2C8316590E8}"
EndProject
Project("{FAE04EC0-301F-11D3-BF4B-00C04F79EFBC}") = "Action&Func&Predicate", "Action&Func&Predicate\Action&Func&Predicate.csproj", "{4F7D4B27-5CB7-4FB2-BB18-C7C22201BA83}"
EndProject
Project("{FAE04EC0-301F-11D3-BF4B-00C04F79EFBC}") = "AnonymousStructures", "AnonymousStructures\AnonymousStructures.csproj", "{A789CA9D-9101-40FC-883E-CA4488B932D7}"
EndProject
Project("{FAE04EC0-301F-11D3-BF4B-00C04F79EFBC}") = "ItereationAndYieldReturn", "ItereationAndYieldReturn\ItereationAndYieldReturn.csproj", "{E91ED1CE-2FC0-4901-8215-CCE5BF009E17}"
EndProject
Project("{FAE04EC0-301F-11D3-BF4B-00C04F79EFBC}") = "AdvancedAttributes", "AdvancedAttributes\AdvancedAttributes.csproj", "{CD8AA92B-1E2C-4256-B102-0C9F2E852E95}"
EndProject
Project("{FAE04EC0-301F-11D3-BF4B-00C04F79EFBC}") = "AdvancedReflection", "AdvancedReflection\AdvancedReflection.csproj", "{8473A07C-7813-4E3F-8A83-1B16B0E13AB6}"
EndProject
Global
	GlobalSection(SolutionConfigurationPlatforms) = preSolution
		Debug|Any CPU = Debug|Any CPU
		Release|Any CPU = Release|Any CPU
	EndGlobalSection
	GlobalSection(ProjectConfigurationPlatforms) = postSolution
		{A85C849D-3842-4CCE-BADA-F81F4FE78ECF}.Debug|Any CPU.ActiveCfg = Debug|Any CPU
		{A85C849D-3842-4CCE-BADA-F81F4FE78ECF}.Debug|Any CPU.Build.0 = Debug|Any CPU
		{A85C849D-3842-4CCE-BADA-F81F4FE78ECF}.Release|Any CPU.ActiveCfg = Release|Any CPU
		{A85C849D-3842-4CCE-BADA-F81F4FE78ECF}.Release|Any CPU.Build.0 = Release|Any CPU
		{F3FC2ADF-3DD3-4C6F-B69B-A2927B99B55E}.Debug|Any CPU.ActiveCfg = Debug|Any CPU
		{F3FC2ADF-3DD3-4C6F-B69B-A2927B99B55E}.Debug|Any CPU.Build.0 = Debug|Any CPU
		{F3FC2ADF-3DD3-4C6F-B69B-A2927B99B55E}.Release|Any CPU.ActiveCfg = Release|Any CPU
		{F3FC2ADF-3DD3-4C6F-B69B-A2927B99B55E}.Release|Any CPU.Build.0 = Release|Any CPU
		{5FAC6AA6-23D8-43E1-B00F-6394E022DF65}.Debug|Any CPU.ActiveCfg = Debug|Any CPU
		{5FAC6AA6-23D8-43E1-B00F-6394E022DF65}.Debug|Any CPU.Build.0 = Debug|Any CPU
		{5FAC6AA6-23D8-43E1-B00F-6394E022DF65}.Release|Any CPU.ActiveCfg = Release|Any CPU
		{5FAC6AA6-23D8-43E1-B00F-6394E022DF65}.Release|Any CPU.Build.0 = Release|Any CPU
		{9C06D21A-FD9C-415E-8678-064AE718A2C7}.Debug|Any CPU.ActiveCfg = Debug|Any CPU
		{9C06D21A-FD9C-415E-8678-064AE718A2C7}.Debug|Any CPU.Build.0 = Debug|Any CPU
		{9C06D21A-FD9C-415E-8678-064AE718A2C7}.Release|Any CPU.ActiveCfg = Release|Any CPU
		{9C06D21A-FD9C-415E-8678-064AE718A2C7}.Release|Any CPU.Build.0 = Release|Any CPU
		{1F306F26-2B11-4E93-BEAD-A29563D912E7}.Debug|Any CPU.ActiveCfg = Debug|Any CPU
		{1F306F26-2B11-4E93-BEAD-A29563D912E7}.Debug|Any CPU.Build.0 = Debug|Any CPU
		{1F306F26-2B11-4E93-BEAD-A29563D912E7}.Release|Any CPU.ActiveCfg = Release|Any CPU
		{1F306F26-2B11-4E93-BEAD-A29563D912E7}.Release|Any CPU.Build.0 = Release|Any CPU
		{7F54B931-F69B-4DF7-9B2E-5BA41E2D67DF}.Debug|Any CPU.ActiveCfg = Debug|Any CPU
		{7F54B931-F69B-4DF7-9B2E-5BA41E2D67DF}.Debug|Any CPU.Build.0 = Debug|Any CPU
		{7F54B931-F69B-4DF7-9B2E-5BA41E2D67DF}.Release|Any CPU.ActiveCfg = Release|Any CPU
		{7F54B931-F69B-4DF7-9B2E-5BA41E2D67DF}.Release|Any CPU.Build.0 = Release|Any CPU
		{CE99706A-D5BC-4C83-BC6F-6220B0AC4394}.Debug|Any CPU.ActiveCfg = Debug|Any CPU
		{CE99706A-D5BC-4C83-BC6F-6220B0AC4394}.Debug|Any CPU.Build.0 = Debug|Any CPU
		{CE99706A-D5BC-4C83-BC6F-6220B0AC4394}.Release|Any CPU.ActiveCfg = Release|Any CPU
		{CE99706A-D5BC-4C83-BC6F-6220B0AC4394}.Release|Any CPU.Build.0 = Release|Any CPU
		{2A9D313D-5B75-40EF-8B13-4DC775394785}.Debug|Any CPU.ActiveCfg = Debug|Any CPU
		{2A9D313D-5B75-40EF-8B13-4DC775394785}.Debug|Any CPU.Build.0 = Debug|Any CPU
		{2A9D313D-5B75-40EF-8B13-4DC775394785}.Release|Any CPU.ActiveCfg = Release|Any CPU
		{2A9D313D-5B75-40EF-8B13-4DC775394785}.Release|Any CPU.Build.0 = Release|Any CPU
		{FF1557AB-0FB4-4964-9B68-BB4B12110C65}.Debug|Any CPU.ActiveCfg = Debug|Any CPU
		{FF1557AB-0FB4-4964-9B68-BB4B12110C65}.Debug|Any CPU.Build.0 = Debug|Any CPU
		{FF1557AB-0FB4-4964-9B68-BB4B12110C65}.Release|Any CPU.ActiveCfg = Release|Any CPU
		{FF1557AB-0FB4-4964-9B68-BB4B12110C65}.Release|Any CPU.Build.0 = Release|Any CPU
		{5DC44446-6568-45E3-B21C-D1ACE5F1EDCD}.Debug|Any CPU.ActiveCfg = Debug|Any CPU
		{5DC44446-6568-45E3-B21C-D1ACE5F1EDCD}.Debug|Any CPU.Build.0 = Debug|Any CPU
		{5DC44446-6568-45E3-B21C-D1ACE5F1EDCD}.Release|Any CPU.ActiveCfg = Release|Any CPU
		{5DC44446-6568-45E3-B21C-D1ACE5F1EDCD}.Release|Any CPU.Build.0 = Release|Any CPU
		{11A66960-51EA-4A23-B1F5-D2C8316590E8}.Debug|Any CPU.ActiveCfg = Debug|Any CPU
		{11A66960-51EA-4A23-B1F5-D2C8316590E8}.Debug|Any CPU.Build.0 = Debug|Any CPU
		{11A66960-51EA-4A23-B1F5-D2C8316590E8}.Release|Any CPU.ActiveCfg = Release|Any CPU
		{11A66960-51EA-4A23-B1F5-D2C8316590E8}.Release|Any CPU.Build.0 = Release|Any CPU
		{4F7D4B27-5CB7-4FB2-BB18-C7C22201BA83}.Debug|Any CPU.ActiveCfg = Debug|Any CPU
		{4F7D4B27-5CB7-4FB2-BB18-C7C22201BA83}.Debug|Any CPU.Build.0 = Debug|Any CPU
		{4F7D4B27-5CB7-4FB2-BB18-C7C22201BA83}.Release|Any CPU.ActiveCfg = Release|Any CPU
		{4F7D4B27-5CB7-4FB2-BB18-C7C22201BA83}.Release|Any CPU.Build.0 = Release|Any CPU
		{A789CA9D-9101-40FC-883E-CA4488B932D7}.Debug|Any CPU.ActiveCfg = Debug|Any CPU
		{A789CA9D-9101-40FC-883E-CA4488B932D7}.Debug|Any CPU.Build.0 = Debug|Any CPU
		{A789CA9D-9101-40FC-883E-CA4488B932D7}.Release|Any CPU.ActiveCfg = Release|Any CPU
		{A789CA9D-9101-40FC-883E-CA4488B932D7}.Release|Any CPU.Build.0 = Release|Any CPU
		{E91ED1CE-2FC0-4901-8215-CCE5BF009E17}.Debug|Any CPU.ActiveCfg = Debug|Any CPU
		{E91ED1CE-2FC0-4901-8215-CCE5BF009E17}.Debug|Any CPU.Build.0 = Debug|Any CPU
		{E91ED1CE-2FC0-4901-8215-CCE5BF009E17}.Release|Any CPU.ActiveCfg = Release|Any CPU
		{E91ED1CE-2FC0-4901-8215-CCE5BF009E17}.Release|Any CPU.Build.0 = Release|Any CPU
		{CD8AA92B-1E2C-4256-B102-0C9F2E852E95}.Debug|Any CPU.ActiveCfg = Debug|Any CPU
		{CD8AA92B-1E2C-4256-B102-0C9F2E852E95}.Debug|Any CPU.Build.0 = Debug|Any CPU
		{CD8AA92B-1E2C-4256-B102-0C9F2E852E95}.Release|Any CPU.ActiveCfg = Release|Any CPU
		{CD8AA92B-1E2C-4256-B102-0C9F2E852E95}.Release|Any CPU.Build.0 = Release|Any CPU
		{8473A07C-7813-4E3F-8A83-1B16B0E13AB6}.Debug|Any CPU.ActiveCfg = Debug|Any CPU
		{8473A07C-7813-4E3F-8A83-1B16B0E13AB6}.Debug|Any CPU.Build.0 = Debug|Any CPU
		{8473A07C-7813-4E3F-8A83-1B16B0E13AB6}.Release|Any CPU.ActiveCfg = Release|Any CPU
		{8473A07C-7813-4E3F-8A83-1B16B0E13AB6}.Release|Any CPU.Build.0 = Release|Any CPU
	EndGlobalSection
	GlobalSection(SolutionProperties) = preSolution
		HideSolutionNode = FALSE
	EndGlobalSection
	GlobalSection(ExtensibilityGlobals) = postSolution
		SolutionGuid = {7932064C-4418-44C6-8D58-4508AC9A85BD}
	EndGlobalSection
EndGlobal
